// !$*UTF8*$!
{
	archiveVersion = 1;
	classes = {
	};
	objectVersion = 46;
	objects = {

/* Begin PBXBuildFile section */
		5944CF20CA88DBD99CF0823F /* libPods-nongji.a in Frameworks */ = {isa = PBXBuildFile; fileRef = 212C09C509050AF7762E5E25 /* libPods-nongji.a */; };
		C81F16A11E9CCCB000400785 /* ChangePasswordViewController.m in Sources */ = {isa = PBXBuildFile; fileRef = C81F16A01E9CCCB000400785 /* ChangePasswordViewController.m */; };
		C838772D1E9B144D00EFAAF3 /* PersonTableViewCell.m in Sources */ = {isa = PBXBuildFile; fileRef = C83877231E9B144D00EFAAF3 /* PersonTableViewCell.m */; };
		C838772E1E9B144D00EFAAF3 /* ChangePhoneController.m in Sources */ = {isa = PBXBuildFile; fileRef = C83877261E9B144D00EFAAF3 /* ChangePhoneController.m */; };
		C838772F1E9B144D00EFAAF3 /* InformationTableViewCell.m in Sources */ = {isa = PBXBuildFile; fileRef = C83877281E9B144D00EFAAF3 /* InformationTableViewCell.m */; };
		C83877301E9B144D00EFAAF3 /* InformationViewController.m in Sources */ = {isa = PBXBuildFile; fileRef = C838772A1E9B144D00EFAAF3 /* InformationViewController.m */; };
		C838776C1E9B146600EFAAF3 /* ic_action_collection.png in Resources */ = {isa = PBXBuildFile; fileRef = C83877341E9B146600EFAAF3 /* ic_action_collection.png */; };
		C838776D1E9B146600EFAAF3 /* ic_action_integral.png in Resources */ = {isa = PBXBuildFile; fileRef = C83877351E9B146600EFAAF3 /* ic_action_integral.png */; };
		C838776E1E9B146600EFAAF3 /* ic_action_jifen.png in Resources */ = {isa = PBXBuildFile; fileRef = C83877361E9B146600EFAAF3 /* ic_action_jifen.png */; };
		C838776F1E9B146600EFAAF3 /* ic_action_left.png in Resources */ = {isa = PBXBuildFile; fileRef = C83877371E9B146600EFAAF3 /* ic_action_left.png */; };
		C83877701E9B146600EFAAF3 /* ic_action_position.png in Resources */ = {isa = PBXBuildFile; fileRef = C83877381E9B146600EFAAF3 /* ic_action_position.png */; };
		C83877711E9B146600EFAAF3 /* ic_action_recent.png in Resources */ = {isa = PBXBuildFile; fileRef = C83877391E9B146600EFAAF3 /* ic_action_recent.png */; };
		C83877721E9B146600EFAAF3 /* ic_action_record.png in Resources */ = {isa = PBXBuildFile; fileRef = C838773A1E9B146600EFAAF3 /* ic_action_record.png */; };
		C83877731E9B146600EFAAF3 /* ic_action_record1.png in Resources */ = {isa = PBXBuildFile; fileRef = C838773B1E9B146600EFAAF3 /* ic_action_record1.png */; };
		C83877741E9B146600EFAAF3 /* ic_action_release.png in Resources */ = {isa = PBXBuildFile; fileRef = C838773C1E9B146600EFAAF3 /* ic_action_release.png */; };
		C83877751E9B146600EFAAF3 /* ic_action_right.png in Resources */ = {isa = PBXBuildFile; fileRef = C838773D1E9B146600EFAAF3 /* ic_action_right.png */; };
		C83877761E9B146600EFAAF3 /* ic_action_setting.png in Resources */ = {isa = PBXBuildFile; fileRef = C838773E1E9B146600EFAAF3 /* ic_action_setting.png */; };
		C83877771E9B146600EFAAF3 /* ic_action_sign.png in Resources */ = {isa = PBXBuildFile; fileRef = C838773F1E9B146600EFAAF3 /* ic_action_sign.png */; };
		C83877781E9B146600EFAAF3 /* ic_ation_user.png in Resources */ = {isa = PBXBuildFile; fileRef = C83877401E9B146600EFAAF3 /* ic_ation_user.png */; };
		C838777A1E9B146600EFAAF3 /* ic_home.png in Resources */ = {isa = PBXBuildFile; fileRef = C83877421E9B146600EFAAF3 /* ic_home.png */; };
		C838777B1E9B146600EFAAF3 /* ic_homeed.png in Resources */ = {isa = PBXBuildFile; fileRef = C83877431E9B146600EFAAF3 /* ic_homeed.png */; };
		C838777C1E9B146600EFAAF3 /* ic_launcher.png in Resources */ = {isa = PBXBuildFile; fileRef = C83877441E9B146600EFAAF3 /* ic_launcher.png */; };
		C838777D1E9B146600EFAAF3 /* ic_login.png in Resources */ = {isa = PBXBuildFile; fileRef = C83877451E9B146600EFAAF3 /* ic_login.png */; };
		C838777E1E9B146600EFAAF3 /* ic_more.png in Resources */ = {isa = PBXBuildFile; fileRef = C83877461E9B146600EFAAF3 /* ic_more.png */; };
		C83877801E9B146600EFAAF3 /* ic_newsed.png in Resources */ = {isa = PBXBuildFile; fileRef = C83877481E9B146600EFAAF3 /* ic_newsed.png */; };
		C83877811E9B146600EFAAF3 /* ic_pwd.png in Resources */ = {isa = PBXBuildFile; fileRef = C83877491E9B146600EFAAF3 /* ic_pwd.png */; };
		C83877821E9B146600EFAAF3 /* ic_return.png in Resources */ = {isa = PBXBuildFile; fileRef = C838774A1E9B146600EFAAF3 /* ic_return.png */; };
		C83877831E9B146600EFAAF3 /* ic_user.png in Resources */ = {isa = PBXBuildFile; fileRef = C838774B1E9B146600EFAAF3 /* ic_user.png */; };
		C83877841E9B146600EFAAF3 /* ic_usered.png in Resources */ = {isa = PBXBuildFile; fileRef = C838774C1E9B146600EFAAF3 /* ic_usered.png */; };
		C83877851E9B146600EFAAF3 /* ice_collectioned.png in Resources */ = {isa = PBXBuildFile; fileRef = C838774D1E9B146600EFAAF3 /* ice_collectioned.png */; };
		C83877861E9B146600EFAAF3 /* icon_gcoding.png in Resources */ = {isa = PBXBuildFile; fileRef = C838774E1E9B146600EFAAF3 /* icon_gcoding.png */; };
		C83877871E9B146600EFAAF3 /* lb_ic_cancel.png in Resources */ = {isa = PBXBuildFile; fileRef = C838774F1E9B146600EFAAF3 /* lb_ic_cancel.png */; };
		C83877881E9B146600EFAAF3 /* logo.png in Resources */ = {isa = PBXBuildFile; fileRef = C83877501E9B146600EFAAF3 /* logo.png */; };
		C83877891E9B146600EFAAF3 /* bg_splash.png in Resources */ = {isa = PBXBuildFile; fileRef = C83877521E9B146600EFAAF3 /* bg_splash.png */; };
		C838778A1E9B146600EFAAF3 /* ic_action_collection.png in Resources */ = {isa = PBXBuildFile; fileRef = C83877531E9B146600EFAAF3 /* ic_action_collection.png */; };
		C838778B1E9B146700EFAAF3 /* ic_action_integral.png in Resources */ = {isa = PBXBuildFile; fileRef = C83877541E9B146600EFAAF3 /* ic_action_integral.png */; };
		C838778C1E9B146700EFAAF3 /* ic_action_jifen.png in Resources */ = {isa = PBXBuildFile; fileRef = C83877551E9B146600EFAAF3 /* ic_action_jifen.png */; };
		C838778D1E9B146700EFAAF3 /* ic_action_position.png in Resources */ = {isa = PBXBuildFile; fileRef = C83877561E9B146600EFAAF3 /* ic_action_position.png */; };
		C838778E1E9B146700EFAAF3 /* ic_action_recent.png in Resources */ = {isa = PBXBuildFile; fileRef = C83877571E9B146600EFAAF3 /* ic_action_recent.png */; };
		C838778F1E9B146700EFAAF3 /* ic_action_record.png in Resources */ = {isa = PBXBuildFile; fileRef = C83877581E9B146600EFAAF3 /* ic_action_record.png */; };
		C83877901E9B146700EFAAF3 /* ic_action_release.png in Resources */ = {isa = PBXBuildFile; fileRef = C83877591E9B146600EFAAF3 /* ic_action_release.png */; };
		C83877911E9B146700EFAAF3 /* ic_action_setting.png in Resources */ = {isa = PBXBuildFile; fileRef = C838775A1E9B146600EFAAF3 /* ic_action_setting.png */; };
		C83877921E9B146700EFAAF3 /* ic_action_sign.png in Resources */ = {isa = PBXBuildFile; fileRef = C838775B1E9B146600EFAAF3 /* ic_action_sign.png */; };
		C83877931E9B146700EFAAF3 /* ic_ation_user.png in Resources */ = {isa = PBXBuildFile; fileRef = C838775C1E9B146600EFAAF3 /* ic_ation_user.png */; };
		C83877951E9B146700EFAAF3 /* ic_home.png in Resources */ = {isa = PBXBuildFile; fileRef = C838775E1E9B146600EFAAF3 /* ic_home.png */; };
		C83877961E9B146700EFAAF3 /* ic_homeed.png in Resources */ = {isa = PBXBuildFile; fileRef = C838775F1E9B146600EFAAF3 /* ic_homeed.png */; };
		C83877971E9B146700EFAAF3 /* ic_launcher.png in Resources */ = {isa = PBXBuildFile; fileRef = C83877601E9B146600EFAAF3 /* ic_launcher.png */; };
		C83877981E9B146700EFAAF3 /* ic_login.png in Resources */ = {isa = PBXBuildFile; fileRef = C83877611E9B146600EFAAF3 /* ic_login.png */; };
		C83877991E9B146700EFAAF3 /* ic_more.png in Resources */ = {isa = PBXBuildFile; fileRef = C83877621E9B146600EFAAF3 /* ic_more.png */; };
		C838779B1E9B146700EFAAF3 /* ic_newsed.png in Resources */ = {isa = PBXBuildFile; fileRef = C83877641E9B146600EFAAF3 /* ic_newsed.png */; };
		C838779C1E9B146700EFAAF3 /* ic_person1.png in Resources */ = {isa = PBXBuildFile; fileRef = C83877651E9B146600EFAAF3 /* ic_person1.png */; };
		C838779D1E9B146700EFAAF3 /* ic_person_ed1.png in Resources */ = {isa = PBXBuildFile; fileRef = C83877661E9B146600EFAAF3 /* ic_person_ed1.png */; };
		C838779E1E9B146700EFAAF3 /* ic_pwd.png in Resources */ = {isa = PBXBuildFile; fileRef = C83877671E9B146600EFAAF3 /* ic_pwd.png */; };
		C838779F1E9B146700EFAAF3 /* ic_return.png in Resources */ = {isa = PBXBuildFile; fileRef = C83877681E9B146600EFAAF3 /* ic_return.png */; };
		C83877A01E9B146700EFAAF3 /* ic_user.png in Resources */ = {isa = PBXBuildFile; fileRef = C83877691E9B146600EFAAF3 /* ic_user.png */; };
		C83877A11E9B146700EFAAF3 /* ic_usered.png in Resources */ = {isa = PBXBuildFile; fileRef = C838776A1E9B146600EFAAF3 /* ic_usered.png */; };
		C83877A21E9B146700EFAAF3 /* ice_collectioned.png in Resources */ = {isa = PBXBuildFile; fileRef = C838776B1E9B146600EFAAF3 /* ice_collectioned.png */; };
		C83877A51E9B148500EFAAF3 /* BaseModel.m in Sources */ = {isa = PBXBuildFile; fileRef = C83877A41E9B148500EFAAF3 /* BaseModel.m */; };
		C83877A81E9B14A400EFAAF3 /* MyTools.m in Sources */ = {isa = PBXBuildFile; fileRef = C83877A71E9B14A400EFAAF3 /* MyTools.m */; };
		C851D74F1E9B7E7400DCF7E1 /* MoreUserListConteoller.m in Sources */ = {isa = PBXBuildFile; fileRef = C851D74E1E9B7E7400DCF7E1 /* MoreUserListConteoller.m */; };
		C851D7521E9C6A2200DCF7E1 /* NsTime.m in Sources */ = {isa = PBXBuildFile; fileRef = C851D7511E9C6A2200DCF7E1 /* NsTime.m */; };
		D109A3F11E89368200D9DCCA /* main.m in Sources */ = {isa = PBXBuildFile; fileRef = D109A3F01E89368200D9DCCA /* main.m */; };
		D109A3F41E89368200D9DCCA /* AppDelegate.m in Sources */ = {isa = PBXBuildFile; fileRef = D109A3F31E89368200D9DCCA /* AppDelegate.m */; };
		D109A3F71E89368200D9DCCA /* ViewController.m in Sources */ = {isa = PBXBuildFile; fileRef = D109A3F61E89368200D9DCCA /* ViewController.m */; };
		D109A3FC1E89368200D9DCCA /* Assets.xcassets in Resources */ = {isa = PBXBuildFile; fileRef = D109A3FB1E89368200D9DCCA /* Assets.xcassets */; };
		D109A3FF1E89368200D9DCCA /* LaunchScreen.storyboard in Resources */ = {isa = PBXBuildFile; fileRef = D109A3FD1E89368200D9DCCA /* LaunchScreen.storyboard */; };
		D109AF3D1E89397700D9DCCA /* NJAppViewController.m in Sources */ = {isa = PBXBuildFile; fileRef = D109AF3C1E89397700D9DCCA /* NJAppViewController.m */; };
		D109AF401E89398900D9DCCA /* BaseViewController.m in Sources */ = {isa = PBXBuildFile; fileRef = D109AF3F1E89398900D9DCCA /* BaseViewController.m */; };
		D109AF431E89399E00D9DCCA /* HomeViewController.m in Sources */ = {isa = PBXBuildFile; fileRef = D109AF421E89399E00D9DCCA /* HomeViewController.m */; };
		D109AF461E8939AF00D9DCCA /* IndentViewController.m in Sources */ = {isa = PBXBuildFile; fileRef = D109AF451E8939AF00D9DCCA /* IndentViewController.m */; };
		D109AF491E8939BB00D9DCCA /* IssueViewController.m in Sources */ = {isa = PBXBuildFile; fileRef = D109AF481E8939BB00D9DCCA /* IssueViewController.m */; };
		D109AF4C1E8939C700D9DCCA /* CollectViewController.m in Sources */ = {isa = PBXBuildFile; fileRef = D109AF4B1E8939C700D9DCCA /* CollectViewController.m */; };
		D109AF4F1E8939D300D9DCCA /* PersonViewController.m in Sources */ = {isa = PBXBuildFile; fileRef = D109AF4E1E8939D300D9DCCA /* PersonViewController.m */; };
		D16B8AD71E8E927B00A4EA52 /* lb_ic_cancel.png in Resources */ = {isa = PBXBuildFile; fileRef = D16B8AC81E8E927B00A4EA52 /* lb_ic_cancel.png */; };
		D16B8AD81E8E927B00A4EA52 /* lb_ic_check.png in Resources */ = {isa = PBXBuildFile; fileRef = D16B8AC91E8E927B00A4EA52 /* lb_ic_check.png */; };
		D16B8AD91E8E927B00A4EA52 /* lb_ic_img.9.png in Resources */ = {isa = PBXBuildFile; fileRef = D16B8ACA1E8E927B00A4EA52 /* lb_ic_img.9.png */; };
		D16B8ADA1E8E927B00A4EA52 /* lb_ic_img_hover.png in Resources */ = {isa = PBXBuildFile; fileRef = D16B8ACB1E8E927B00A4EA52 /* lb_ic_img_hover.png */; };
		D16B8ADB1E8E927B00A4EA52 /* lb_ic_leftarrow_white.png in Resources */ = {isa = PBXBuildFile; fileRef = D16B8ACC1E8E927B00A4EA52 /* lb_ic_leftarrow_white.png */; };
		D16B8ADC1E8E927B00A4EA52 /* lb_ic_man.png in Resources */ = {isa = PBXBuildFile; fileRef = D16B8ACD1E8E927B00A4EA52 /* lb_ic_man.png */; };
		D16B8ADD1E8E927B00A4EA52 /* lb_ic_redpoint.png in Resources */ = {isa = PBXBuildFile; fileRef = D16B8ACE1E8E927B00A4EA52 /* lb_ic_redpoint.png */; };
		D16B8ADE1E8E927B00A4EA52 /* lb_ic_rightarrow_gray.png in Resources */ = {isa = PBXBuildFile; fileRef = D16B8ACF1E8E927B00A4EA52 /* lb_ic_rightarrow_gray.png */; };
		D16B8ADF1E8E927B00A4EA52 /* lb_ic_sex_man.png in Resources */ = {isa = PBXBuildFile; fileRef = D16B8AD01E8E927B00A4EA52 /* lb_ic_sex_man.png */; };
		D16B8AE01E8E927B00A4EA52 /* lb_ic_sex_woman.png in Resources */ = {isa = PBXBuildFile; fileRef = D16B8AD11E8E927B00A4EA52 /* lb_ic_sex_woman.png */; };
		D16B8AE11E8E927B00A4EA52 /* lb_ic_user.png in Resources */ = {isa = PBXBuildFile; fileRef = D16B8AD21E8E927B00A4EA52 /* lb_ic_user.png */; };
		D16B8AE21E8E927B00A4EA52 /* lb_ic_woman.png in Resources */ = {isa = PBXBuildFile; fileRef = D16B8AD31E8E927B00A4EA52 /* lb_ic_woman.png */; };
		D16B8AE31E8E927B00A4EA52 /* switch_off.png in Resources */ = {isa = PBXBuildFile; fileRef = D16B8AD41E8E927B00A4EA52 /* switch_off.png */; };
		D16B8AE41E8E927B00A4EA52 /* switch_on.png in Resources */ = {isa = PBXBuildFile; fileRef = D16B8AD51E8E927B00A4EA52 /* switch_on.png */; };
		D16B8AE51E8E927B00A4EA52 /* switch_on2off.png in Resources */ = {isa = PBXBuildFile; fileRef = D16B8AD61E8E927B00A4EA52 /* switch_on2off.png */; };
		D16B8AF91E8E932E00A4EA52 /* NJNVViewController.m in Sources */ = {isa = PBXBuildFile; fileRef = D16B8AF11E8E932E00A4EA52 /* NJNVViewController.m */; };
		D16B8AFA1E8E932E00A4EA52 /* NJTabbarViewController.m in Sources */ = {isa = PBXBuildFile; fileRef = D16B8AF31E8E932E00A4EA52 /* NJTabbarViewController.m */; };
		D16B8AFB1E8E932E00A4EA52 /* NJTabbarButton.m in Sources */ = {isa = PBXBuildFile; fileRef = D16B8AF61E8E932E00A4EA52 /* NJTabbarButton.m */; };
		D16B8AFC1E8E932E00A4EA52 /* NJTabbarView.m in Sources */ = {isa = PBXBuildFile; fileRef = D16B8AF81E8E932E00A4EA52 /* NJTabbarView.m */; };
		D16B8B041E8E93BC00A4EA52 /* NSString+Common.m in Sources */ = {isa = PBXBuildFile; fileRef = D16B8AFF1E8E93BC00A4EA52 /* NSString+Common.m */; };
		D16B8B051E8E93BC00A4EA52 /* UIView+Common.m in Sources */ = {isa = PBXBuildFile; fileRef = D16B8B011E8E93BC00A4EA52 /* UIView+Common.m */; };
		D16B8B061E8E93BC00A4EA52 /* UIView+XC.m in Sources */ = {isa = PBXBuildFile; fileRef = D16B8B031E8E93BC00A4EA52 /* UIView+XC.m */; };
		D1EFBE8F1E9BCE9800C38E80 /* Main.storyboard in Resources */ = {isa = PBXBuildFile; fileRef = D109A3F81E89368200D9DCCA /* Main.storyboard */; };
		D1F43C1E1E9D0D1E003DE9BA /* MySetViewController.m in Sources */ = {isa = PBXBuildFile; fileRef = D1F43C1D1E9D0D1E003DE9BA /* MySetViewController.m */; };
		D1F43C211E9D0DF4003DE9BA /* MySetTableViewCell.m in Sources */ = {isa = PBXBuildFile; fileRef = D1F43C201E9D0DF4003DE9BA /* MySetTableViewCell.m */; };
		D1F43C241E9D17EB003DE9BA /* AboutAppViewController.m in Sources */ = {isa = PBXBuildFile; fileRef = D1F43C231E9D17EB003DE9BA /* AboutAppViewController.m */; };
/* End PBXBuildFile section */

/* Begin PBXFileReference section */
		212C09C509050AF7762E5E25 /* libPods-nongji.a */ = {isa = PBXFileReference; explicitFileType = archive.ar; includeInIndex = 0; path = "libPods-nongji.a"; sourceTree = BUILT_PRODUCTS_DIR; };
		7BF243501ECD3EEC766CF1FC /* Pods-nongji.debug.xcconfig */ = {isa = PBXFileReference; includeInIndex = 1; lastKnownFileType = text.xcconfig; name = "Pods-nongji.debug.xcconfig"; path = "Pods/Target Support Files/Pods-nongji/Pods-nongji.debug.xcconfig"; sourceTree = "<group>"; };
		C81F169F1E9CCCB000400785 /* ChangePasswordViewController.h */ = {isa = PBXFileReference; fileEncoding = 4; lastKnownFileType = sourcecode.c.h; path = ChangePasswordViewController.h; sourceTree = "<group>"; };
		C81F16A01E9CCCB000400785 /* ChangePasswordViewController.m */ = {isa = PBXFileReference; fileEncoding = 4; lastKnownFileType = sourcecode.c.objc; path = ChangePasswordViewController.m; sourceTree = "<group>"; };
		C83877221E9B144D00EFAAF3 /* PersonTableViewCell.h */ = {isa = PBXFileReference; fileEncoding = 4; lastKnownFileType = sourcecode.c.h; path = PersonTableViewCell.h; sourceTree = "<group>"; };
		C83877231E9B144D00EFAAF3 /* PersonTableViewCell.m */ = {isa = PBXFileReference; fileEncoding = 4; lastKnownFileType = sourcecode.c.objc; path = PersonTableViewCell.m; sourceTree = "<group>"; };
		C83877251E9B144D00EFAAF3 /* ChangePhoneController.h */ = {isa = PBXFileReference; fileEncoding = 4; lastKnownFileType = sourcecode.c.h; path = ChangePhoneController.h; sourceTree = "<group>"; };
		C83877261E9B144D00EFAAF3 /* ChangePhoneController.m */ = {isa = PBXFileReference; fileEncoding = 4; lastKnownFileType = sourcecode.c.objc; path = ChangePhoneController.m; sourceTree = "<group>"; };
		C83877271E9B144D00EFAAF3 /* InformationTableViewCell.h */ = {isa = PBXFileReference; fileEncoding = 4; lastKnownFileType = sourcecode.c.h; path = InformationTableViewCell.h; sourceTree = "<group>"; };
		C83877281E9B144D00EFAAF3 /* InformationTableViewCell.m */ = {isa = PBXFileReference; fileEncoding = 4; lastKnownFileType = sourcecode.c.objc; path = InformationTableViewCell.m; sourceTree = "<group>"; };
		C83877291E9B144D00EFAAF3 /* InformationViewController.h */ = {isa = PBXFileReference; fileEncoding = 4; lastKnownFileType = sourcecode.c.h; path = InformationViewController.h; sourceTree = "<group>"; };
		C838772A1E9B144D00EFAAF3 /* InformationViewController.m */ = {isa = PBXFileReference; fileEncoding = 4; lastKnownFileType = sourcecode.c.objc; path = InformationViewController.m; sourceTree = "<group>"; };
		C83877341E9B146600EFAAF3 /* ic_action_collection.png */ = {isa = PBXFileReference; lastKnownFileType = image.png; path = ic_action_collection.png; sourceTree = "<group>"; };
		C83877351E9B146600EFAAF3 /* ic_action_integral.png */ = {isa = PBXFileReference; lastKnownFileType = image.png; path = ic_action_integral.png; sourceTree = "<group>"; };
		C83877361E9B146600EFAAF3 /* ic_action_jifen.png */ = {isa = PBXFileReference; lastKnownFileType = image.png; path = ic_action_jifen.png; sourceTree = "<group>"; };
		C83877371E9B146600EFAAF3 /* ic_action_left.png */ = {isa = PBXFileReference; lastKnownFileType = image.png; path = ic_action_left.png; sourceTree = "<group>"; };
		C83877381E9B146600EFAAF3 /* ic_action_position.png */ = {isa = PBXFileReference; lastKnownFileType = image.png; path = ic_action_position.png; sourceTree = "<group>"; };
		C83877391E9B146600EFAAF3 /* ic_action_recent.png */ = {isa = PBXFileReference; lastKnownFileType = image.png; path = ic_action_recent.png; sourceTree = "<group>"; };
		C838773A1E9B146600EFAAF3 /* ic_action_record.png */ = {isa = PBXFileReference; lastKnownFileType = image.png; path = ic_action_record.png; sourceTree = "<group>"; };
		C838773B1E9B146600EFAAF3 /* ic_action_record1.png */ = {isa = PBXFileReference; lastKnownFileType = image.png; path = ic_action_record1.png; sourceTree = "<group>"; };
		C838773C1E9B146600EFAAF3 /* ic_action_release.png */ = {isa = PBXFileReference; lastKnownFileType = image.png; path = ic_action_release.png; sourceTree = "<group>"; };
		C838773D1E9B146600EFAAF3 /* ic_action_right.png */ = {isa = PBXFileReference; lastKnownFileType = image.png; path = ic_action_right.png; sourceTree = "<group>"; };
		C838773E1E9B146600EFAAF3 /* ic_action_setting.png */ = {isa = PBXFileReference; lastKnownFileType = image.png; path = ic_action_setting.png; sourceTree = "<group>"; };
		C838773F1E9B146600EFAAF3 /* ic_action_sign.png */ = {isa = PBXFileReference; lastKnownFileType = image.png; path = ic_action_sign.png; sourceTree = "<group>"; };
		C83877401E9B146600EFAAF3 /* ic_ation_user.png */ = {isa = PBXFileReference; lastKnownFileType = image.png; path = ic_ation_user.png; sourceTree = "<group>"; };
		C83877421E9B146600EFAAF3 /* ic_home.png */ = {isa = PBXFileReference; lastKnownFileType = image.png; path = ic_home.png; sourceTree = "<group>"; };
		C83877431E9B146600EFAAF3 /* ic_homeed.png */ = {isa = PBXFileReference; lastKnownFileType = image.png; path = ic_homeed.png; sourceTree = "<group>"; };
		C83877441E9B146600EFAAF3 /* ic_launcher.png */ = {isa = PBXFileReference; lastKnownFileType = image.png; path = ic_launcher.png; sourceTree = "<group>"; };
		C83877451E9B146600EFAAF3 /* ic_login.png */ = {isa = PBXFileReference; lastKnownFileType = image.png; path = ic_login.png; sourceTree = "<group>"; };
		C83877461E9B146600EFAAF3 /* ic_more.png */ = {isa = PBXFileReference; lastKnownFileType = image.png; path = ic_more.png; sourceTree = "<group>"; };
		C83877481E9B146600EFAAF3 /* ic_newsed.png */ = {isa = PBXFileReference; lastKnownFileType = image.png; path = ic_newsed.png; sourceTree = "<group>"; };
		C83877491E9B146600EFAAF3 /* ic_pwd.png */ = {isa = PBXFileReference; lastKnownFileType = image.png; path = ic_pwd.png; sourceTree = "<group>"; };
		C838774A1E9B146600EFAAF3 /* ic_return.png */ = {isa = PBXFileReference; lastKnownFileType = image.png; path = ic_return.png; sourceTree = "<group>"; };
		C838774B1E9B146600EFAAF3 /* ic_user.png */ = {isa = PBXFileReference; lastKnownFileType = image.png; path = ic_user.png; sourceTree = "<group>"; };
		C838774C1E9B146600EFAAF3 /* ic_usered.png */ = {isa = PBXFileReference; lastKnownFileType = image.png; path = ic_usered.png; sourceTree = "<group>"; };
		C838774D1E9B146600EFAAF3 /* ice_collectioned.png */ = {isa = PBXFileReference; lastKnownFileType = image.png; path = ice_collectioned.png; sourceTree = "<group>"; };
		C838774E1E9B146600EFAAF3 /* icon_gcoding.png */ = {isa = PBXFileReference; lastKnownFileType = image.png; path = icon_gcoding.png; sourceTree = "<group>"; };
		C838774F1E9B146600EFAAF3 /* lb_ic_cancel.png */ = {isa = PBXFileReference; lastKnownFileType = image.png; path = lb_ic_cancel.png; sourceTree = "<group>"; };
		C83877501E9B146600EFAAF3 /* logo.png */ = {isa = PBXFileReference; lastKnownFileType = image.png; path = logo.png; sourceTree = "<group>"; };
		C83877521E9B146600EFAAF3 /* bg_splash.png */ = {isa = PBXFileReference; lastKnownFileType = image.png; path = bg_splash.png; sourceTree = "<group>"; };
		C83877531E9B146600EFAAF3 /* ic_action_collection.png */ = {isa = PBXFileReference; lastKnownFileType = image.png; path = ic_action_collection.png; sourceTree = "<group>"; };
		C83877541E9B146600EFAAF3 /* ic_action_integral.png */ = {isa = PBXFileReference; lastKnownFileType = image.png; path = ic_action_integral.png; sourceTree = "<group>"; };
		C83877551E9B146600EFAAF3 /* ic_action_jifen.png */ = {isa = PBXFileReference; lastKnownFileType = image.png; path = ic_action_jifen.png; sourceTree = "<group>"; };
		C83877561E9B146600EFAAF3 /* ic_action_position.png */ = {isa = PBXFileReference; lastKnownFileType = image.png; path = ic_action_position.png; sourceTree = "<group>"; };
		C83877571E9B146600EFAAF3 /* ic_action_recent.png */ = {isa = PBXFileReference; lastKnownFileType = image.png; path = ic_action_recent.png; sourceTree = "<group>"; };
		C83877581E9B146600EFAAF3 /* ic_action_record.png */ = {isa = PBXFileReference; lastKnownFileType = image.png; path = ic_action_record.png; sourceTree = "<group>"; };
		C83877591E9B146600EFAAF3 /* ic_action_release.png */ = {isa = PBXFileReference; lastKnownFileType = image.png; path = ic_action_release.png; sourceTree = "<group>"; };
		C838775A1E9B146600EFAAF3 /* ic_action_setting.png */ = {isa = PBXFileReference; lastKnownFileType = image.png; path = ic_action_setting.png; sourceTree = "<group>"; };
		C838775B1E9B146600EFAAF3 /* ic_action_sign.png */ = {isa = PBXFileReference; lastKnownFileType = image.png; path = ic_action_sign.png; sourceTree = "<group>"; };
		C838775C1E9B146600EFAAF3 /* ic_ation_user.png */ = {isa = PBXFileReference; lastKnownFileType = image.png; path = ic_ation_user.png; sourceTree = "<group>"; };
		C838775E1E9B146600EFAAF3 /* ic_home.png */ = {isa = PBXFileReference; lastKnownFileType = image.png; path = ic_home.png; sourceTree = "<group>"; };
		C838775F1E9B146600EFAAF3 /* ic_homeed.png */ = {isa = PBXFileReference; lastKnownFileType = image.png; path = ic_homeed.png; sourceTree = "<group>"; };
		C83877601E9B146600EFAAF3 /* ic_launcher.png */ = {isa = PBXFileReference; lastKnownFileType = image.png; path = ic_launcher.png; sourceTree = "<group>"; };
		C83877611E9B146600EFAAF3 /* ic_login.png */ = {isa = PBXFileReference; lastKnownFileType = image.png; path = ic_login.png; sourceTree = "<group>"; };
		C83877621E9B146600EFAAF3 /* ic_more.png */ = {isa = PBXFileReference; lastKnownFileType = image.png; path = ic_more.png; sourceTree = "<group>"; };
		C83877641E9B146600EFAAF3 /* ic_newsed.png */ = {isa = PBXFileReference; lastKnownFileType = image.png; path = ic_newsed.png; sourceTree = "<group>"; };
		C83877651E9B146600EFAAF3 /* ic_person1.png */ = {isa = PBXFileReference; lastKnownFileType = image.png; path = ic_person1.png; sourceTree = "<group>"; };
		C83877661E9B146600EFAAF3 /* ic_person_ed1.png */ = {isa = PBXFileReference; lastKnownFileType = image.png; path = ic_person_ed1.png; sourceTree = "<group>"; };
		C83877671E9B146600EFAAF3 /* ic_pwd.png */ = {isa = PBXFileReference; lastKnownFileType = image.png; path = ic_pwd.png; sourceTree = "<group>"; };
		C83877681E9B146600EFAAF3 /* ic_return.png */ = {isa = PBXFileReference; lastKnownFileType = image.png; path = ic_return.png; sourceTree = "<group>"; };
		C83877691E9B146600EFAAF3 /* ic_user.png */ = {isa = PBXFileReference; lastKnownFileType = image.png; path = ic_user.png; sourceTree = "<group>"; };
		C838776A1E9B146600EFAAF3 /* ic_usered.png */ = {isa = PBXFileReference; lastKnownFileType = image.png; path = ic_usered.png; sourceTree = "<group>"; };
		C838776B1E9B146600EFAAF3 /* ice_collectioned.png */ = {isa = PBXFileReference; lastKnownFileType = image.png; path = ice_collectioned.png; sourceTree = "<group>"; };
		C83877A31E9B148500EFAAF3 /* BaseModel.h */ = {isa = PBXFileReference; fileEncoding = 4; lastKnownFileType = sourcecode.c.h; path = BaseModel.h; sourceTree = "<group>"; };
		C83877A41E9B148500EFAAF3 /* BaseModel.m */ = {isa = PBXFileReference; fileEncoding = 4; lastKnownFileType = sourcecode.c.objc; path = BaseModel.m; sourceTree = "<group>"; };
		C83877A61E9B14A400EFAAF3 /* MyTools.h */ = {isa = PBXFileReference; fileEncoding = 4; lastKnownFileType = sourcecode.c.h; path = MyTools.h; sourceTree = "<group>"; };
		C83877A71E9B14A400EFAAF3 /* MyTools.m */ = {isa = PBXFileReference; fileEncoding = 4; lastKnownFileType = sourcecode.c.objc; path = MyTools.m; sourceTree = "<group>"; };
		C851D74D1E9B7E7400DCF7E1 /* MoreUserListConteoller.h */ = {isa = PBXFileReference; fileEncoding = 4; lastKnownFileType = sourcecode.c.h; path = MoreUserListConteoller.h; sourceTree = "<group>"; };
		C851D74E1E9B7E7400DCF7E1 /* MoreUserListConteoller.m */ = {isa = PBXFileReference; fileEncoding = 4; lastKnownFileType = sourcecode.c.objc; path = MoreUserListConteoller.m; sourceTree = "<group>"; };
		C851D7501E9C6A2200DCF7E1 /* NsTime.h */ = {isa = PBXFileReference; fileEncoding = 4; lastKnownFileType = sourcecode.c.h; path = NsTime.h; sourceTree = "<group>"; };
		C851D7511E9C6A2200DCF7E1 /* NsTime.m */ = {isa = PBXFileReference; fileEncoding = 4; lastKnownFileType = sourcecode.c.objc; path = NsTime.m; sourceTree = "<group>"; };
		D109A3EC1E89368200D9DCCA /* nongji.app */ = {isa = PBXFileReference; explicitFileType = wrapper.application; includeInIndex = 0; path = nongji.app; sourceTree = BUILT_PRODUCTS_DIR; };
		D109A3F01E89368200D9DCCA /* main.m */ = {isa = PBXFileReference; lastKnownFileType = sourcecode.c.objc; path = main.m; sourceTree = "<group>"; };
		D109A3F21E89368200D9DCCA /* AppDelegate.h */ = {isa = PBXFileReference; lastKnownFileType = sourcecode.c.h; path = AppDelegate.h; sourceTree = "<group>"; };
		D109A3F31E89368200D9DCCA /* AppDelegate.m */ = {isa = PBXFileReference; lastKnownFileType = sourcecode.c.objc; path = AppDelegate.m; sourceTree = "<group>"; };
		D109A3F51E89368200D9DCCA /* ViewController.h */ = {isa = PBXFileReference; lastKnownFileType = sourcecode.c.h; path = ViewController.h; sourceTree = "<group>"; };
		D109A3F61E89368200D9DCCA /* ViewController.m */ = {isa = PBXFileReference; lastKnownFileType = sourcecode.c.objc; path = ViewController.m; sourceTree = "<group>"; };
		D109A3F91E89368200D9DCCA /* Base */ = {isa = PBXFileReference; lastKnownFileType = file.storyboard; name = Base; path = Base.lproj/Main.storyboard; sourceTree = "<group>"; };
		D109A3FB1E89368200D9DCCA /* Assets.xcassets */ = {isa = PBXFileReference; lastKnownFileType = folder.assetcatalog; path = Assets.xcassets; sourceTree = "<group>"; };
		D109A3FE1E89368200D9DCCA /* Base */ = {isa = PBXFileReference; lastKnownFileType = file.storyboard; name = Base; path = Base.lproj/LaunchScreen.storyboard; sourceTree = "<group>"; };
		D109A4001E89368200D9DCCA /* Info.plist */ = {isa = PBXFileReference; lastKnownFileType = text.plist.xml; path = Info.plist; sourceTree = "<group>"; };
		D109AF3B1E89397700D9DCCA /* NJAppViewController.h */ = {isa = PBXFileReference; fileEncoding = 4; lastKnownFileType = sourcecode.c.h; path = NJAppViewController.h; sourceTree = "<group>"; };
		D109AF3C1E89397700D9DCCA /* NJAppViewController.m */ = {isa = PBXFileReference; fileEncoding = 4; lastKnownFileType = sourcecode.c.objc; path = NJAppViewController.m; sourceTree = "<group>"; };
		D109AF3E1E89398900D9DCCA /* BaseViewController.h */ = {isa = PBXFileReference; fileEncoding = 4; lastKnownFileType = sourcecode.c.h; path = BaseViewController.h; sourceTree = "<group>"; };
		D109AF3F1E89398900D9DCCA /* BaseViewController.m */ = {isa = PBXFileReference; fileEncoding = 4; lastKnownFileType = sourcecode.c.objc; path = BaseViewController.m; sourceTree = "<group>"; };
		D109AF411E89399E00D9DCCA /* HomeViewController.h */ = {isa = PBXFileReference; fileEncoding = 4; lastKnownFileType = sourcecode.c.h; path = HomeViewController.h; sourceTree = "<group>"; };
		D109AF421E89399E00D9DCCA /* HomeViewController.m */ = {isa = PBXFileReference; fileEncoding = 4; lastKnownFileType = sourcecode.c.objc; path = HomeViewController.m; sourceTree = "<group>"; };
		D109AF441E8939AF00D9DCCA /* IndentViewController.h */ = {isa = PBXFileReference; fileEncoding = 4; lastKnownFileType = sourcecode.c.h; path = IndentViewController.h; sourceTree = "<group>"; };
		D109AF451E8939AF00D9DCCA /* IndentViewController.m */ = {isa = PBXFileReference; fileEncoding = 4; lastKnownFileType = sourcecode.c.objc; path = IndentViewController.m; sourceTree = "<group>"; };
		D109AF471E8939BB00D9DCCA /* IssueViewController.h */ = {isa = PBXFileReference; fileEncoding = 4; lastKnownFileType = sourcecode.c.h; path = IssueViewController.h; sourceTree = "<group>"; };
		D109AF481E8939BB00D9DCCA /* IssueViewController.m */ = {isa = PBXFileReference; fileEncoding = 4; lastKnownFileType = sourcecode.c.objc; path = IssueViewController.m; sourceTree = "<group>"; };
		D109AF4A1E8939C700D9DCCA /* CollectViewController.h */ = {isa = PBXFileReference; fileEncoding = 4; lastKnownFileType = sourcecode.c.h; path = CollectViewController.h; sourceTree = "<group>"; };
		D109AF4B1E8939C700D9DCCA /* CollectViewController.m */ = {isa = PBXFileReference; fileEncoding = 4; lastKnownFileType = sourcecode.c.objc; path = CollectViewController.m; sourceTree = "<group>"; };
		D109AF4D1E8939D300D9DCCA /* PersonViewController.h */ = {isa = PBXFileReference; fileEncoding = 4; lastKnownFileType = sourcecode.c.h; path = PersonViewController.h; sourceTree = "<group>"; };
		D109AF4E1E8939D300D9DCCA /* PersonViewController.m */ = {isa = PBXFileReference; fileEncoding = 4; lastKnownFileType = sourcecode.c.objc; path = PersonViewController.m; sourceTree = "<group>"; };
		D16B8AC81E8E927B00A4EA52 /* lb_ic_cancel.png */ = {isa = PBXFileReference; lastKnownFileType = image.png; path = lb_ic_cancel.png; sourceTree = "<group>"; };
		D16B8AC91E8E927B00A4EA52 /* lb_ic_check.png */ = {isa = PBXFileReference; lastKnownFileType = image.png; path = lb_ic_check.png; sourceTree = "<group>"; };
		D16B8ACA1E8E927B00A4EA52 /* lb_ic_img.9.png */ = {isa = PBXFileReference; lastKnownFileType = image.png; path = lb_ic_img.9.png; sourceTree = "<group>"; };
		D16B8ACB1E8E927B00A4EA52 /* lb_ic_img_hover.png */ = {isa = PBXFileReference; lastKnownFileType = image.png; path = lb_ic_img_hover.png; sourceTree = "<group>"; };
		D16B8ACC1E8E927B00A4EA52 /* lb_ic_leftarrow_white.png */ = {isa = PBXFileReference; lastKnownFileType = image.png; path = lb_ic_leftarrow_white.png; sourceTree = "<group>"; };
		D16B8ACD1E8E927B00A4EA52 /* lb_ic_man.png */ = {isa = PBXFileReference; lastKnownFileType = image.png; path = lb_ic_man.png; sourceTree = "<group>"; };
		D16B8ACE1E8E927B00A4EA52 /* lb_ic_redpoint.png */ = {isa = PBXFileReference; lastKnownFileType = image.png; path = lb_ic_redpoint.png; sourceTree = "<group>"; };
		D16B8ACF1E8E927B00A4EA52 /* lb_ic_rightarrow_gray.png */ = {isa = PBXFileReference; lastKnownFileType = image.png; path = lb_ic_rightarrow_gray.png; sourceTree = "<group>"; };
		D16B8AD01E8E927B00A4EA52 /* lb_ic_sex_man.png */ = {isa = PBXFileReference; lastKnownFileType = image.png; path = lb_ic_sex_man.png; sourceTree = "<group>"; };
		D16B8AD11E8E927B00A4EA52 /* lb_ic_sex_woman.png */ = {isa = PBXFileReference; lastKnownFileType = image.png; path = lb_ic_sex_woman.png; sourceTree = "<group>"; };
		D16B8AD21E8E927B00A4EA52 /* lb_ic_user.png */ = {isa = PBXFileReference; lastKnownFileType = image.png; path = lb_ic_user.png; sourceTree = "<group>"; };
		D16B8AD31E8E927B00A4EA52 /* lb_ic_woman.png */ = {isa = PBXFileReference; lastKnownFileType = image.png; path = lb_ic_woman.png; sourceTree = "<group>"; };
		D16B8AD41E8E927B00A4EA52 /* switch_off.png */ = {isa = PBXFileReference; lastKnownFileType = image.png; path = switch_off.png; sourceTree = "<group>"; };
		D16B8AD51E8E927B00A4EA52 /* switch_on.png */ = {isa = PBXFileReference; lastKnownFileType = image.png; path = switch_on.png; sourceTree = "<group>"; };
		D16B8AD61E8E927B00A4EA52 /* switch_on2off.png */ = {isa = PBXFileReference; lastKnownFileType = image.png; path = switch_on2off.png; sourceTree = "<group>"; };
		D16B8AF01E8E932E00A4EA52 /* NJNVViewController.h */ = {isa = PBXFileReference; fileEncoding = 4; lastKnownFileType = sourcecode.c.h; path = NJNVViewController.h; sourceTree = "<group>"; };
		D16B8AF11E8E932E00A4EA52 /* NJNVViewController.m */ = {isa = PBXFileReference; fileEncoding = 4; lastKnownFileType = sourcecode.c.objc; path = NJNVViewController.m; sourceTree = "<group>"; };
		D16B8AF21E8E932E00A4EA52 /* NJTabbarViewController.h */ = {isa = PBXFileReference; fileEncoding = 4; lastKnownFileType = sourcecode.c.h; path = NJTabbarViewController.h; sourceTree = "<group>"; };
		D16B8AF31E8E932E00A4EA52 /* NJTabbarViewController.m */ = {isa = PBXFileReference; fileEncoding = 4; lastKnownFileType = sourcecode.c.objc; path = NJTabbarViewController.m; sourceTree = "<group>"; };
		D16B8AF51E8E932E00A4EA52 /* NJTabbarButton.h */ = {isa = PBXFileReference; fileEncoding = 4; lastKnownFileType = sourcecode.c.h; path = NJTabbarButton.h; sourceTree = "<group>"; };
		D16B8AF61E8E932E00A4EA52 /* NJTabbarButton.m */ = {isa = PBXFileReference; fileEncoding = 4; lastKnownFileType = sourcecode.c.objc; path = NJTabbarButton.m; sourceTree = "<group>"; };
		D16B8AF71E8E932E00A4EA52 /* NJTabbarView.h */ = {isa = PBXFileReference; fileEncoding = 4; lastKnownFileType = sourcecode.c.h; path = NJTabbarView.h; sourceTree = "<group>"; };
		D16B8AF81E8E932E00A4EA52 /* NJTabbarView.m */ = {isa = PBXFileReference; fileEncoding = 4; lastKnownFileType = sourcecode.c.objc; path = NJTabbarView.m; sourceTree = "<group>"; };
		D16B8AFE1E8E93BC00A4EA52 /* NSString+Common.h */ = {isa = PBXFileReference; fileEncoding = 4; lastKnownFileType = sourcecode.c.h; path = "NSString+Common.h"; sourceTree = "<group>"; };
		D16B8AFF1E8E93BC00A4EA52 /* NSString+Common.m */ = {isa = PBXFileReference; fileEncoding = 4; lastKnownFileType = sourcecode.c.objc; path = "NSString+Common.m"; sourceTree = "<group>"; };
		D16B8B001E8E93BC00A4EA52 /* UIView+Common.h */ = {isa = PBXFileReference; fileEncoding = 4; lastKnownFileType = sourcecode.c.h; path = "UIView+Common.h"; sourceTree = "<group>"; };
		D16B8B011E8E93BC00A4EA52 /* UIView+Common.m */ = {isa = PBXFileReference; fileEncoding = 4; lastKnownFileType = sourcecode.c.objc; path = "UIView+Common.m"; sourceTree = "<group>"; };
		D16B8B021E8E93BC00A4EA52 /* UIView+XC.h */ = {isa = PBXFileReference; fileEncoding = 4; lastKnownFileType = sourcecode.c.h; path = "UIView+XC.h"; sourceTree = "<group>"; };
		D16B8B031E8E93BC00A4EA52 /* UIView+XC.m */ = {isa = PBXFileReference; fileEncoding = 4; lastKnownFileType = sourcecode.c.objc; path = "UIView+XC.m"; sourceTree = "<group>"; };
		D1A398A4B68020726F51C0AD /* Pods-nongji.release.xcconfig */ = {isa = PBXFileReference; includeInIndex = 1; lastKnownFileType = text.xcconfig; name = "Pods-nongji.release.xcconfig"; path = "Pods/Target Support Files/Pods-nongji/Pods-nongji.release.xcconfig"; sourceTree = "<group>"; };
		D1F43C1C1E9D0D1E003DE9BA /* MySetViewController.h */ = {isa = PBXFileReference; fileEncoding = 4; lastKnownFileType = sourcecode.c.h; path = MySetViewController.h; sourceTree = "<group>"; };
		D1F43C1D1E9D0D1E003DE9BA /* MySetViewController.m */ = {isa = PBXFileReference; fileEncoding = 4; lastKnownFileType = sourcecode.c.objc; path = MySetViewController.m; sourceTree = "<group>"; };
		D1F43C1F1E9D0DF4003DE9BA /* MySetTableViewCell.h */ = {isa = PBXFileReference; fileEncoding = 4; lastKnownFileType = sourcecode.c.h; path = MySetTableViewCell.h; sourceTree = "<group>"; };
		D1F43C201E9D0DF4003DE9BA /* MySetTableViewCell.m */ = {isa = PBXFileReference; fileEncoding = 4; lastKnownFileType = sourcecode.c.objc; path = MySetTableViewCell.m; sourceTree = "<group>"; };
		D1F43C221E9D17EB003DE9BA /* AboutAppViewController.h */ = {isa = PBXFileReference; fileEncoding = 4; lastKnownFileType = sourcecode.c.h; path = AboutAppViewController.h; sourceTree = "<group>"; };
		D1F43C231E9D17EB003DE9BA /* AboutAppViewController.m */ = {isa = PBXFileReference; fileEncoding = 4; lastKnownFileType = sourcecode.c.objc; path = AboutAppViewController.m; sourceTree = "<group>"; };
		D1FCE9E51E96701C00081A9B /* PrefixHeader.pch */ = {isa = PBXFileReference; lastKnownFileType = sourcecode.c.h; path = PrefixHeader.pch; sourceTree = "<group>"; };
/* End PBXFileReference section */

/* Begin PBXFrameworksBuildPhase section */
		D109A3E91E89368200D9DCCA /* Frameworks */ = {
			isa = PBXFrameworksBuildPhase;
			buildActionMask = 2147483647;
			files = (
				5944CF20CA88DBD99CF0823F /* libPods-nongji.a in Frameworks */,
			);
			runOnlyForDeploymentPostprocessing = 0;
		};
/* End PBXFrameworksBuildPhase section */

/* Begin PBXGroup section */
		47E9C52709FEC5FCC8CF9404 /* Pods */ = {
			isa = PBXGroup;
			children = (
				7BF243501ECD3EEC766CF1FC /* Pods-nongji.debug.xcconfig */,
				D1A398A4B68020726F51C0AD /* Pods-nongji.release.xcconfig */,
			);
			name = Pods;
			sourceTree = "<group>";
		};
		C83877241E9B144D00EFAAF3 /* information */ = {
			isa = PBXGroup;
			children = (
				C83877251E9B144D00EFAAF3 /* ChangePhoneController.h */,
				C83877261E9B144D00EFAAF3 /* ChangePhoneController.m */,
				C83877271E9B144D00EFAAF3 /* InformationTableViewCell.h */,
				C83877281E9B144D00EFAAF3 /* InformationTableViewCell.m */,
				C83877291E9B144D00EFAAF3 /* InformationViewController.h */,
				C838772A1E9B144D00EFAAF3 /* InformationViewController.m */,
				C81F169F1E9CCCB000400785 /* ChangePasswordViewController.h */,
				C81F16A01E9CCCB000400785 /* ChangePasswordViewController.m */,
			);
			name = information;
			path = view;
			sourceTree = "<group>";
		};
		C83877321E9B146600EFAAF3 /* res */ = {
			isa = PBXGroup;
			children = (
				C83877331E9B146600EFAAF3 /* mipmap-hdpi */,
				C83877511E9B146600EFAAF3 /* mipmap-mdpi */,
			);
			path = res;
			sourceTree = "<group>";
		};
		C83877331E9B146600EFAAF3 /* mipmap-hdpi */ = {
			isa = PBXGroup;
			children = (
				C83877341E9B146600EFAAF3 /* ic_action_collection.png */,
				C83877351E9B146600EFAAF3 /* ic_action_integral.png */,
				C83877361E9B146600EFAAF3 /* ic_action_jifen.png */,
				C83877371E9B146600EFAAF3 /* ic_action_left.png */,
				C83877381E9B146600EFAAF3 /* ic_action_position.png */,
				C83877391E9B146600EFAAF3 /* ic_action_recent.png */,
				C838773A1E9B146600EFAAF3 /* ic_action_record.png */,
				C838773B1E9B146600EFAAF3 /* ic_action_record1.png */,
				C838773C1E9B146600EFAAF3 /* ic_action_release.png */,
				C838773D1E9B146600EFAAF3 /* ic_action_right.png */,
				C838773E1E9B146600EFAAF3 /* ic_action_setting.png */,
				C838773F1E9B146600EFAAF3 /* ic_action_sign.png */,
				C83877401E9B146600EFAAF3 /* ic_ation_user.png */,
				C83877421E9B146600EFAAF3 /* ic_home.png */,
				C83877431E9B146600EFAAF3 /* ic_homeed.png */,
				C83877441E9B146600EFAAF3 /* ic_launcher.png */,
				C83877451E9B146600EFAAF3 /* ic_login.png */,
				C83877461E9B146600EFAAF3 /* ic_more.png */,
				C83877481E9B146600EFAAF3 /* ic_newsed.png */,
				C83877491E9B146600EFAAF3 /* ic_pwd.png */,
				C838774A1E9B146600EFAAF3 /* ic_return.png */,
				C838774B1E9B146600EFAAF3 /* ic_user.png */,
				C838774C1E9B146600EFAAF3 /* ic_usered.png */,
				C838774D1E9B146600EFAAF3 /* ice_collectioned.png */,
				C838774E1E9B146600EFAAF3 /* icon_gcoding.png */,
				C838774F1E9B146600EFAAF3 /* lb_ic_cancel.png */,
				C83877501E9B146600EFAAF3 /* logo.png */,
			);
			path = "mipmap-hdpi";
			sourceTree = "<group>";
		};
		C83877511E9B146600EFAAF3 /* mipmap-mdpi */ = {
			isa = PBXGroup;
			children = (
				C83877521E9B146600EFAAF3 /* bg_splash.png */,
				C83877531E9B146600EFAAF3 /* ic_action_collection.png */,
				C83877541E9B146600EFAAF3 /* ic_action_integral.png */,
				C83877551E9B146600EFAAF3 /* ic_action_jifen.png */,
				C83877561E9B146600EFAAF3 /* ic_action_position.png */,
				C83877571E9B146600EFAAF3 /* ic_action_recent.png */,
				C83877581E9B146600EFAAF3 /* ic_action_record.png */,
				C83877591E9B146600EFAAF3 /* ic_action_release.png */,
				C838775A1E9B146600EFAAF3 /* ic_action_setting.png */,
				C838775B1E9B146600EFAAF3 /* ic_action_sign.png */,
				C838775C1E9B146600EFAAF3 /* ic_ation_user.png */,
				C838775E1E9B146600EFAAF3 /* ic_home.png */,
				C838775F1E9B146600EFAAF3 /* ic_homeed.png */,
				C83877601E9B146600EFAAF3 /* ic_launcher.png */,
				C83877611E9B146600EFAAF3 /* ic_login.png */,
				C83877621E9B146600EFAAF3 /* ic_more.png */,
				C83877641E9B146600EFAAF3 /* ic_newsed.png */,
				C83877651E9B146600EFAAF3 /* ic_person1.png */,
				C83877661E9B146600EFAAF3 /* ic_person_ed1.png */,
				C83877671E9B146600EFAAF3 /* ic_pwd.png */,
				C83877681E9B146600EFAAF3 /* ic_return.png */,
				C83877691E9B146600EFAAF3 /* ic_user.png */,
				C838776A1E9B146600EFAAF3 /* ic_usered.png */,
				C838776B1E9B146600EFAAF3 /* ice_collectioned.png */,
			);
			path = "mipmap-mdpi";
			sourceTree = "<group>";
		};
		D109A3E31E89368100D9DCCA = {
			isa = PBXGroup;
			children = (
				D109A3EE1E89368200D9DCCA /* nongji */,
				D109A3ED1E89368200D9DCCA /* Products */,
				47E9C52709FEC5FCC8CF9404 /* Pods */,
				DEB7EB7E15F6B31669F44554 /* Frameworks */,
			);
			sourceTree = "<group>";
		};
		D109A3ED1E89368200D9DCCA /* Products */ = {
			isa = PBXGroup;
			children = (
				D109A3EC1E89368200D9DCCA /* nongji.app */,
			);
			name = Products;
			sourceTree = "<group>";
		};
		D109A3EE1E89368200D9DCCA /* nongji */ = {
			isa = PBXGroup;
			children = (
				D109A3F21E89368200D9DCCA /* AppDelegate.h */,
				D109A3F31E89368200D9DCCA /* AppDelegate.m */,
				D109A3F51E89368200D9DCCA /* ViewController.h */,
				D109A3F61E89368200D9DCCA /* ViewController.m */,
				D109A4071E8938A400D9DCCA /* Commons */,
				D109AF391E8938FE00D9DCCA /* third */,
				D16B8AC71E8E927B00A4EA52 /* resouse */,
				D109A4081E8938AD00D9DCCA /* home */,
				D109A4091E8938C600D9DCCA /* indent */,
				D109AF3A1E89391800D9DCCA /* issue */,
				D109A4061E89389D00D9DCCA /* collect */,
				D109AF381E8938ED00D9DCCA /* person */,
				D109A3F81E89368200D9DCCA /* Main.storyboard */,
				D109A3FB1E89368200D9DCCA /* Assets.xcassets */,
				D109A3FD1E89368200D9DCCA /* LaunchScreen.storyboard */,
				D109A4001E89368200D9DCCA /* Info.plist */,
				D109A3EF1E89368200D9DCCA /* Supporting Files */,
				D1FCE9E51E96701C00081A9B /* PrefixHeader.pch */,
			);
			path = nongji;
			sourceTree = "<group>";
		};
		D109A3EF1E89368200D9DCCA /* Supporting Files */ = {
			isa = PBXGroup;
			children = (
				D109A3F01E89368200D9DCCA /* main.m */,
			);
			name = "Supporting Files";
			sourceTree = "<group>";
		};
		D109A4061E89389D00D9DCCA /* collect */ = {
			isa = PBXGroup;
			children = (
				D109AF4A1E8939C700D9DCCA /* CollectViewController.h */,
				D109AF4B1E8939C700D9DCCA /* CollectViewController.m */,
			);
			path = collect;
			sourceTree = "<group>";
		};
		D109A4071E8938A400D9DCCA /* Commons */ = {
			isa = PBXGroup;
			children = (
				D16B8AFD1E8E93BC00A4EA52 /* Category */,
				D16B8AEF1E8E932E00A4EA52 /* tabbar */,
				D109AF501E8939F600D9DCCA /* base */,
			);
			path = Commons;
			sourceTree = "<group>";
		};
		D109A4081E8938AD00D9DCCA /* home */ = {
			isa = PBXGroup;
			children = (
				D109AF411E89399E00D9DCCA /* HomeViewController.h */,
				D109AF421E89399E00D9DCCA /* HomeViewController.m */,
				C851D74D1E9B7E7400DCF7E1 /* MoreUserListConteoller.h */,
				C851D74E1E9B7E7400DCF7E1 /* MoreUserListConteoller.m */,
			);
			path = home;
			sourceTree = "<group>";
		};
		D109A4091E8938C600D9DCCA /* indent */ = {
			isa = PBXGroup;
			children = (
				D109AF441E8939AF00D9DCCA /* IndentViewController.h */,
				D109AF451E8939AF00D9DCCA /* IndentViewController.m */,
			);
			path = indent;
			sourceTree = "<group>";
		};
		D109AF381E8938ED00D9DCCA /* person */ = {
			isa = PBXGroup;
			children = (
				D109AF4D1E8939D300D9DCCA /* PersonViewController.h */,
				D109AF4E1E8939D300D9DCCA /* PersonViewController.m */,
				C83877221E9B144D00EFAAF3 /* PersonTableViewCell.h */,
				C83877231E9B144D00EFAAF3 /* PersonTableViewCell.m */,
				C83877241E9B144D00EFAAF3 /* information */,
				D1F43C1B1E9D0D00003DE9BA /* MySet */,
			);
			path = person;
			sourceTree = "<group>";
		};
		D109AF391E8938FE00D9DCCA /* third */ = {
			isa = PBXGroup;
			children = (
			);
			path = third;
			sourceTree = "<group>";
		};
		D109AF3A1E89391800D9DCCA /* issue */ = {
			isa = PBXGroup;
			children = (
				D109AF471E8939BB00D9DCCA /* IssueViewController.h */,
				D109AF481E8939BB00D9DCCA /* IssueViewController.m */,
			);
			path = issue;
			sourceTree = "<group>";
		};
		D109AF501E8939F600D9DCCA /* base */ = {
			isa = PBXGroup;
			children = (
				C83877A31E9B148500EFAAF3 /* BaseModel.h */,
				C83877A41E9B148500EFAAF3 /* BaseModel.m */,
				D109AF3B1E89397700D9DCCA /* NJAppViewController.h */,
				D109AF3C1E89397700D9DCCA /* NJAppViewController.m */,
				D109AF3E1E89398900D9DCCA /* BaseViewController.h */,
				D109AF3F1E89398900D9DCCA /* BaseViewController.m */,
			);
			name = base;
			sourceTree = "<group>";
		};
		D16B8AC71E8E927B00A4EA52 /* resouse */ = {
			isa = PBXGroup;
			children = (
				C83877321E9B146600EFAAF3 /* res */,
				D16B8AC81E8E927B00A4EA52 /* lb_ic_cancel.png */,
				D16B8AC91E8E927B00A4EA52 /* lb_ic_check.png */,
				D16B8ACA1E8E927B00A4EA52 /* lb_ic_img.9.png */,
				D16B8ACB1E8E927B00A4EA52 /* lb_ic_img_hover.png */,
				D16B8ACC1E8E927B00A4EA52 /* lb_ic_leftarrow_white.png */,
				D16B8ACD1E8E927B00A4EA52 /* lb_ic_man.png */,
				D16B8ACE1E8E927B00A4EA52 /* lb_ic_redpoint.png */,
				D16B8ACF1E8E927B00A4EA52 /* lb_ic_rightarrow_gray.png */,
				D16B8AD01E8E927B00A4EA52 /* lb_ic_sex_man.png */,
				D16B8AD11E8E927B00A4EA52 /* lb_ic_sex_woman.png */,
				D16B8AD21E8E927B00A4EA52 /* lb_ic_user.png */,
				D16B8AD31E8E927B00A4EA52 /* lb_ic_woman.png */,
				D16B8AD41E8E927B00A4EA52 /* switch_off.png */,
				D16B8AD51E8E927B00A4EA52 /* switch_on.png */,
				D16B8AD61E8E927B00A4EA52 /* switch_on2off.png */,
			);
			path = resouse;
			sourceTree = "<group>";
		};
		D16B8AEF1E8E932E00A4EA52 /* tabbar */ = {
			isa = PBXGroup;
			children = (
				D16B8AF01E8E932E00A4EA52 /* NJNVViewController.h */,
				D16B8AF11E8E932E00A4EA52 /* NJNVViewController.m */,
				D16B8AF21E8E932E00A4EA52 /* NJTabbarViewController.h */,
				D16B8AF31E8E932E00A4EA52 /* NJTabbarViewController.m */,
				D16B8AF41E8E932E00A4EA52 /* view */,
			);
			path = tabbar;
			sourceTree = "<group>";
		};
		D16B8AF41E8E932E00A4EA52 /* view */ = {
			isa = PBXGroup;
			children = (
				D16B8AF51E8E932E00A4EA52 /* NJTabbarButton.h */,
				D16B8AF61E8E932E00A4EA52 /* NJTabbarButton.m */,
				D16B8AF71E8E932E00A4EA52 /* NJTabbarView.h */,
				D16B8AF81E8E932E00A4EA52 /* NJTabbarView.m */,
			);
			path = view;
			sourceTree = "<group>";
		};
		D16B8AFD1E8E93BC00A4EA52 /* Category */ = {
			isa = PBXGroup;
			children = (
				C83877A61E9B14A400EFAAF3 /* MyTools.h */,
				C83877A71E9B14A400EFAAF3 /* MyTools.m */,
				D16B8AFE1E8E93BC00A4EA52 /* NSString+Common.h */,
				D16B8AFF1E8E93BC00A4EA52 /* NSString+Common.m */,
				C851D7501E9C6A2200DCF7E1 /* NsTime.h */,
				C851D7511E9C6A2200DCF7E1 /* NsTime.m */,
				D16B8B001E8E93BC00A4EA52 /* UIView+Common.h */,
				D16B8B011E8E93BC00A4EA52 /* UIView+Common.m */,
				D16B8B021E8E93BC00A4EA52 /* UIView+XC.h */,
				D16B8B031E8E93BC00A4EA52 /* UIView+XC.m */,
			);
			path = Category;
			sourceTree = "<group>";
		};
		D1F43C1B1E9D0D00003DE9BA /* MySet */ = {
			isa = PBXGroup;
			children = (
				D1F43C1C1E9D0D1E003DE9BA /* MySetViewController.h */,
				D1F43C1D1E9D0D1E003DE9BA /* MySetViewController.m */,
				D1F43C1F1E9D0DF4003DE9BA /* MySetTableViewCell.h */,
				D1F43C201E9D0DF4003DE9BA /* MySetTableViewCell.m */,
				D1F43C221E9D17EB003DE9BA /* AboutAppViewController.h */,
				D1F43C231E9D17EB003DE9BA /* AboutAppViewController.m */,
			);
			path = MySet;
			sourceTree = "<group>";
		};
		DEB7EB7E15F6B31669F44554 /* Frameworks */ = {
			isa = PBXGroup;
			children = (
				212C09C509050AF7762E5E25 /* libPods-nongji.a */,
			);
			name = Frameworks;
			sourceTree = "<group>";
		};
/* End PBXGroup section */

/* Begin PBXNativeTarget section */
		D109A3EB1E89368200D9DCCA /* nongji */ = {
			isa = PBXNativeTarget;
			buildConfigurationList = D109A4031E89368200D9DCCA /* Build configuration list for PBXNativeTarget "nongji" */;
			buildPhases = (
				F7EDF88E5A7FB269929CCA5E /* [CP] Check Pods Manifest.lock */,
				D109A3E81E89368200D9DCCA /* Sources */,
				D109A3E91E89368200D9DCCA /* Frameworks */,
				D109A3EA1E89368200D9DCCA /* Resources */,
				191820E437B972E57750670A /* [CP] Embed Pods Frameworks */,
				9EBF0590312EF36E1815568D /* [CP] Copy Pods Resources */,
			);
			buildRules = (
			);
			dependencies = (
			);
			name = nongji;
			productName = nongji;
			productReference = D109A3EC1E89368200D9DCCA /* nongji.app */;
			productType = "com.apple.product-type.application";
		};
/* End PBXNativeTarget section */

/* Begin PBXProject section */
		D109A3E41E89368100D9DCCA /* Project object */ = {
			isa = PBXProject;
			attributes = {
				LastUpgradeCheck = 0820;
				ORGANIZATIONNAME = WDX;
				TargetAttributes = {
					D109A3EB1E89368200D9DCCA = {
						CreatedOnToolsVersion = 8.1;
						DevelopmentTeam = MPLC36J94A;
						ProvisioningStyle = Automatic;
					};
				};
			};
			buildConfigurationList = D109A3E71E89368200D9DCCA /* Build configuration list for PBXProject "nongji" */;
			compatibilityVersion = "Xcode 3.2";
			developmentRegion = English;
			hasScannedForEncodings = 0;
			knownRegions = (
				en,
				Base,
			);
			mainGroup = D109A3E31E89368100D9DCCA;
			productRefGroup = D109A3ED1E89368200D9DCCA /* Products */;
			projectDirPath = "";
			projectRoot = "";
			targets = (
				D109A3EB1E89368200D9DCCA /* nongji */,
			);
		};
/* End PBXProject section */

/* Begin PBXResourcesBuildPhase section */
		D109A3EA1E89368200D9DCCA /* Resources */ = {
			isa = PBXResourcesBuildPhase;
			buildActionMask = 2147483647;
			files = (
				D1EFBE8F1E9BCE9800C38E80 /* Main.storyboard in Resources */,
				C838778F1E9B146700EFAAF3 /* ic_action_record.png in Resources */,
				C83877961E9B146700EFAAF3 /* ic_homeed.png in Resources */,
				D16B8AE11E8E927B00A4EA52 /* lb_ic_user.png in Resources */,
				C83877971E9B146700EFAAF3 /* ic_launcher.png in Resources */,
				C83877931E9B146700EFAAF3 /* ic_ation_user.png in Resources */,
				D16B8ADE1E8E927B00A4EA52 /* lb_ic_rightarrow_gray.png in Resources */,
				D16B8AD81E8E927B00A4EA52 /* lb_ic_check.png in Resources */,
				C838779B1E9B146700EFAAF3 /* ic_newsed.png in Resources */,
				C83877A21E9B146700EFAAF3 /* ice_collectioned.png in Resources */,
				C83877761E9B146600EFAAF3 /* ic_action_setting.png in Resources */,
				C83877881E9B146600EFAAF3 /* logo.png in Resources */,
				C83877911E9B146700EFAAF3 /* ic_action_setting.png in Resources */,
				C838776D1E9B146600EFAAF3 /* ic_action_integral.png in Resources */,
				C83877751E9B146600EFAAF3 /* ic_action_right.png in Resources */,
				C83877731E9B146600EFAAF3 /* ic_action_record1.png in Resources */,
				C83877701E9B146600EFAAF3 /* ic_action_position.png in Resources */,
				D16B8AE21E8E927B00A4EA52 /* lb_ic_woman.png in Resources */,
				C83877951E9B146700EFAAF3 /* ic_home.png in Resources */,
				D109A3FF1E89368200D9DCCA /* LaunchScreen.storyboard in Resources */,
				D16B8ADD1E8E927B00A4EA52 /* lb_ic_redpoint.png in Resources */,
				C838777E1E9B146600EFAAF3 /* ic_more.png in Resources */,
				C83877711E9B146600EFAAF3 /* ic_action_recent.png in Resources */,
				D16B8AE41E8E927B00A4EA52 /* switch_on.png in Resources */,
				C838779D1E9B146700EFAAF3 /* ic_person_ed1.png in Resources */,
				D16B8ADB1E8E927B00A4EA52 /* lb_ic_leftarrow_white.png in Resources */,
				D16B8AD91E8E927B00A4EA52 /* lb_ic_img.9.png in Resources */,
				C838777D1E9B146600EFAAF3 /* ic_login.png in Resources */,
				C83877891E9B146600EFAAF3 /* bg_splash.png in Resources */,
				D16B8ADC1E8E927B00A4EA52 /* lb_ic_man.png in Resources */,
				D16B8ADF1E8E927B00A4EA52 /* lb_ic_sex_man.png in Resources */,
				C83877991E9B146700EFAAF3 /* ic_more.png in Resources */,
				C838776E1E9B146600EFAAF3 /* ic_action_jifen.png in Resources */,
				C838779E1E9B146700EFAAF3 /* ic_pwd.png in Resources */,
				C838778A1E9B146600EFAAF3 /* ic_action_collection.png in Resources */,
				C83877861E9B146600EFAAF3 /* icon_gcoding.png in Resources */,
				D16B8AE01E8E927B00A4EA52 /* lb_ic_sex_woman.png in Resources */,
				C838778E1E9B146700EFAAF3 /* ic_action_recent.png in Resources */,
				C838777C1E9B146600EFAAF3 /* ic_launcher.png in Resources */,
				C838777B1E9B146600EFAAF3 /* ic_homeed.png in Resources */,
				C83877831E9B146600EFAAF3 /* ic_user.png in Resources */,
				C83877741E9B146600EFAAF3 /* ic_action_release.png in Resources */,
				C838777A1E9B146600EFAAF3 /* ic_home.png in Resources */,
				C838776F1E9B146600EFAAF3 /* ic_action_left.png in Resources */,
				C83877721E9B146600EFAAF3 /* ic_action_record.png in Resources */,
				C838778B1E9B146700EFAAF3 /* ic_action_integral.png in Resources */,
				C83877A01E9B146700EFAAF3 /* ic_user.png in Resources */,
				C83877981E9B146700EFAAF3 /* ic_login.png in Resources */,
				C83877781E9B146600EFAAF3 /* ic_ation_user.png in Resources */,
				D16B8AD71E8E927B00A4EA52 /* lb_ic_cancel.png in Resources */,
				C838778C1E9B146700EFAAF3 /* ic_action_jifen.png in Resources */,
				D16B8ADA1E8E927B00A4EA52 /* lb_ic_img_hover.png in Resources */,
				C83877841E9B146600EFAAF3 /* ic_usered.png in Resources */,
				D16B8AE31E8E927B00A4EA52 /* switch_off.png in Resources */,
				C83877871E9B146600EFAAF3 /* lb_ic_cancel.png in Resources */,
				C838776C1E9B146600EFAAF3 /* ic_action_collection.png in Resources */,
				C838779C1E9B146700EFAAF3 /* ic_person1.png in Resources */,
				C838779F1E9B146700EFAAF3 /* ic_return.png in Resources */,
				C83877771E9B146600EFAAF3 /* ic_action_sign.png in Resources */,
				C83877811E9B146600EFAAF3 /* ic_pwd.png in Resources */,
				D109A3FC1E89368200D9DCCA /* Assets.xcassets in Resources */,
				C83877901E9B146700EFAAF3 /* ic_action_release.png in Resources */,
				C83877851E9B146600EFAAF3 /* ice_collectioned.png in Resources */,
				C83877821E9B146600EFAAF3 /* ic_return.png in Resources */,
				C83877A11E9B146700EFAAF3 /* ic_usered.png in Resources */,
				C83877801E9B146600EFAAF3 /* ic_newsed.png in Resources */,
				C838778D1E9B146700EFAAF3 /* ic_action_position.png in Resources */,
				D16B8AE51E8E927B00A4EA52 /* switch_on2off.png in Resources */,
				C83877921E9B146700EFAAF3 /* ic_action_sign.png in Resources */,
			);
			runOnlyForDeploymentPostprocessing = 0;
		};
/* End PBXResourcesBuildPhase section */

/* Begin PBXShellScriptBuildPhase section */
		191820E437B972E57750670A /* [CP] Embed Pods Frameworks */ = {
			isa = PBXShellScriptBuildPhase;
			buildActionMask = 2147483647;
			files = (
			);
			inputPaths = (
			);
			name = "[CP] Embed Pods Frameworks";
			outputPaths = (
			);
			runOnlyForDeploymentPostprocessing = 0;
			shellPath = /bin/sh;
			shellScript = "\"${SRCROOT}/Pods/Target Support Files/Pods-nongji/Pods-nongji-frameworks.sh\"\n";
			showEnvVarsInLog = 0;
		};
		9EBF0590312EF36E1815568D /* [CP] Copy Pods Resources */ = {
			isa = PBXShellScriptBuildPhase;
			buildActionMask = 2147483647;
			files = (
			);
			inputPaths = (
			);
			name = "[CP] Copy Pods Resources";
			outputPaths = (
			);
			runOnlyForDeploymentPostprocessing = 0;
			shellPath = /bin/sh;
			shellScript = "\"${SRCROOT}/Pods/Target Support Files/Pods-nongji/Pods-nongji-resources.sh\"\n";
			showEnvVarsInLog = 0;
		};
		F7EDF88E5A7FB269929CCA5E /* [CP] Check Pods Manifest.lock */ = {
			isa = PBXShellScriptBuildPhase;
			buildActionMask = 2147483647;
			files = (
			);
			inputPaths = (
			);
			name = "[CP] Check Pods Manifest.lock";
			outputPaths = (
			);
			runOnlyForDeploymentPostprocessing = 0;
			shellPath = /bin/sh;
			shellScript = "diff \"${PODS_ROOT}/../Podfile.lock\" \"${PODS_ROOT}/Manifest.lock\" > /dev/null\nif [[ $? != 0 ]] ; then\n    cat << EOM\nerror: The sandbox is not in sync with the Podfile.lock. Run 'pod install' or update your CocoaPods installation.\nEOM\n    exit 1\nfi\n";
			showEnvVarsInLog = 0;
		};
/* End PBXShellScriptBuildPhase section */

/* Begin PBXSourcesBuildPhase section */
		D109A3E81E89368200D9DCCA /* Sources */ = {
			isa = PBXSourcesBuildPhase;
			buildActionMask = 2147483647;
			files = (
				C851D74F1E9B7E7400DCF7E1 /* MoreUserListConteoller.m in Sources */,
				D109AF491E8939BB00D9DCCA /* IssueViewController.m in Sources */,
				D1F43C241E9D17EB003DE9BA /* AboutAppViewController.m in Sources */,
				D109AF461E8939AF00D9DCCA /* IndentViewController.m in Sources */,
				C838772D1E9B144D00EFAAF3 /* PersonTableViewCell.m in Sources */,
				C83877A81E9B14A400EFAAF3 /* MyTools.m in Sources */,
				D109AF3D1E89397700D9DCCA /* NJAppViewController.m in Sources */,
				D109AF401E89398900D9DCCA /* BaseViewController.m in Sources */,
				D16B8B041E8E93BC00A4EA52 /* NSString+Common.m in Sources */,
				D109A3F71E89368200D9DCCA /* ViewController.m in Sources */,
				D109AF4F1E8939D300D9DCCA /* PersonViewController.m in Sources */,
				D16B8B061E8E93BC00A4EA52 /* UIView+XC.m in Sources */,
				C81F16A11E9CCCB000400785 /* ChangePasswordViewController.m in Sources */,
				D16B8B051E8E93BC00A4EA52 /* UIView+Common.m in Sources */,
				D109A3F41E89368200D9DCCA /* AppDelegate.m in Sources */,
				D109A3F11E89368200D9DCCA /* main.m in Sources */,
				C83877301E9B144D00EFAAF3 /* InformationViewController.m in Sources */,
				D16B8AFC1E8E932E00A4EA52 /* NJTabbarView.m in Sources */,
				D16B8AFB1E8E932E00A4EA52 /* NJTabbarButton.m in Sources */,
				C838772F1E9B144D00EFAAF3 /* InformationTableViewCell.m in Sources */,
				D109AF4C1E8939C700D9DCCA /* CollectViewController.m in Sources */,
				D1F43C211E9D0DF4003DE9BA /* MySetTableViewCell.m in Sources */,
				D16B8AFA1E8E932E00A4EA52 /* NJTabbarViewController.m in Sources */,
				D1F43C1E1E9D0D1E003DE9BA /* MySetViewController.m in Sources */,
				C838772E1E9B144D00EFAAF3 /* ChangePhoneController.m in Sources */,
				D16B8AF91E8E932E00A4EA52 /* NJNVViewController.m in Sources */,
				C83877A51E9B148500EFAAF3 /* BaseModel.m in Sources */,
				C851D7521E9C6A2200DCF7E1 /* NsTime.m in Sources */,
				D109AF431E89399E00D9DCCA /* HomeViewController.m in Sources */,
			);
			runOnlyForDeploymentPostprocessing = 0;
		};
/* End PBXSourcesBuildPhase section */

/* Begin PBXVariantGroup section */
		D109A3F81E89368200D9DCCA /* Main.storyboard */ = {
			isa = PBXVariantGroup;
			children = (
				D109A3F91E89368200D9DCCA /* Base */,
			);
			name = Main.storyboard;
			sourceTree = "<group>";
		};
		D109A3FD1E89368200D9DCCA /* LaunchScreen.storyboard */ = {
			isa = PBXVariantGroup;
			children = (
				D109A3FE1E89368200D9DCCA /* Base */,
			);
			name = LaunchScreen.storyboard;
			sourceTree = "<group>";
		};
/* End PBXVariantGroup section */

/* Begin XCBuildConfiguration section */
		D109A4011E89368200D9DCCA /* Debug */ = {
			isa = XCBuildConfiguration;
			buildSettings = {
				ALWAYS_SEARCH_USER_PATHS = NO;
				CLANG_ANALYZER_NONNULL = YES;
				CLANG_CXX_LANGUAGE_STANDARD = "gnu++0x";
				CLANG_CXX_LIBRARY = "libc++";
				CLANG_ENABLE_MODULES = YES;
				CLANG_ENABLE_OBJC_ARC = YES;
				CLANG_WARN_BOOL_CONVERSION = YES;
				CLANG_WARN_CONSTANT_CONVERSION = YES;
				CLANG_WARN_DIRECT_OBJC_ISA_USAGE = YES_ERROR;
				CLANG_WARN_DOCUMENTATION_COMMENTS = YES;
				CLANG_WARN_EMPTY_BODY = YES;
				CLANG_WARN_ENUM_CONVERSION = YES;
				CLANG_WARN_INFINITE_RECURSION = YES;
				CLANG_WARN_INT_CONVERSION = YES;
				CLANG_WARN_OBJC_ROOT_CLASS = YES_ERROR;
				CLANG_WARN_SUSPICIOUS_MOVE = YES;
				CLANG_WARN_SUSPICIOUS_MOVES = YES;
				CLANG_WARN_UNREACHABLE_CODE = YES;
				CLANG_WARN__DUPLICATE_METHOD_MATCH = YES;
				"CODE_SIGN_IDENTITY[sdk=iphoneos*]" = "iPhone Developer";
				COPY_PHASE_STRIP = NO;
				DEBUG_INFORMATION_FORMAT = dwarf;
				ENABLE_STRICT_OBJC_MSGSEND = YES;
				ENABLE_TESTABILITY = YES;
				GCC_C_LANGUAGE_STANDARD = gnu99;
				GCC_DYNAMIC_NO_PIC = NO;
				GCC_NO_COMMON_BLOCKS = YES;
				GCC_OPTIMIZATION_LEVEL = 0;
				GCC_PREPROCESSOR_DEFINITIONS = (
					"DEBUG=1",
					"$(inherited)",
				);
				GCC_WARN_64_TO_32_BIT_CONVERSION = YES;
				GCC_WARN_ABOUT_RETURN_TYPE = YES_ERROR;
				GCC_WARN_UNDECLARED_SELECTOR = YES;
				GCC_WARN_UNINITIALIZED_AUTOS = YES_AGGRESSIVE;
				GCC_WARN_UNUSED_FUNCTION = YES;
				GCC_WARN_UNUSED_VARIABLE = YES;
				IPHONEOS_DEPLOYMENT_TARGET = 10.1;
				MTL_ENABLE_DEBUG_INFO = YES;
				ONLY_ACTIVE_ARCH = YES;
				SDKROOT = iphoneos;
			};
			name = Debug;
		};
		D109A4021E89368200D9DCCA /* Release */ = {
			isa = XCBuildConfiguration;
			buildSettings = {
				ALWAYS_SEARCH_USER_PATHS = NO;
				CLANG_ANALYZER_NONNULL = YES;
				CLANG_CXX_LANGUAGE_STANDARD = "gnu++0x";
				CLANG_CXX_LIBRARY = "libc++";
				CLANG_ENABLE_MODULES = YES;
				CLANG_ENABLE_OBJC_ARC = YES;
				CLANG_WARN_BOOL_CONVERSION = YES;
				CLANG_WARN_CONSTANT_CONVERSION = YES;
				CLANG_WARN_DIRECT_OBJC_ISA_USAGE = YES_ERROR;
				CLANG_WARN_DOCUMENTATION_COMMENTS = YES;
				CLANG_WARN_EMPTY_BODY = YES;
				CLANG_WARN_ENUM_CONVERSION = YES;
				CLANG_WARN_INFINITE_RECURSION = YES;
				CLANG_WARN_INT_CONVERSION = YES;
				CLANG_WARN_OBJC_ROOT_CLASS = YES_ERROR;
				CLANG_WARN_SUSPICIOUS_MOVE = YES;
				CLANG_WARN_SUSPICIOUS_MOVES = YES;
				CLANG_WARN_UNREACHABLE_CODE = YES;
				CLANG_WARN__DUPLICATE_METHOD_MATCH = YES;
				"CODE_SIGN_IDENTITY[sdk=iphoneos*]" = "iPhone Developer";
				COPY_PHASE_STRIP = NO;
				DEBUG_INFORMATION_FORMAT = "dwarf-with-dsym";
				ENABLE_NS_ASSERTIONS = NO;
				ENABLE_STRICT_OBJC_MSGSEND = YES;
				GCC_C_LANGUAGE_STANDARD = gnu99;
				GCC_NO_COMMON_BLOCKS = YES;
				GCC_WARN_64_TO_32_BIT_CONVERSION = YES;
				GCC_WARN_ABOUT_RETURN_TYPE = YES_ERROR;
				GCC_WARN_UNDECLARED_SELECTOR = YES;
				GCC_WARN_UNINITIALIZED_AUTOS = YES_AGGRESSIVE;
				GCC_WARN_UNUSED_FUNCTION = YES;
				GCC_WARN_UNUSED_VARIABLE = YES;
				IPHONEOS_DEPLOYMENT_TARGET = 10.1;
				MTL_ENABLE_DEBUG_INFO = NO;
				SDKROOT = iphoneos;
				VALIDATE_PRODUCT = YES;
			};
			name = Release;
		};
		D109A4041E89368200D9DCCA /* Debug */ = {
			isa = XCBuildConfiguration;
			baseConfigurationReference = 7BF243501ECD3EEC766CF1FC /* Pods-nongji.debug.xcconfig */;
			buildSettings = {
				ASSETCATALOG_COMPILER_APPICON_NAME = AppIcon;
				DEVELOPMENT_TEAM = MPLC36J94A;
				GCC_PREFIX_HEADER = "$(SRCROOT)/nongji/PrefixHeader.pch";
				INFOPLIST_FILE = nongji/Info.plist;
				LD_RUNPATH_SEARCH_PATHS = "$(inherited) @executable_path/Frameworks";
				PRODUCT_BUNDLE_IDENTIFIER = com.wdx.nongji;
				PRODUCT_NAME = "$(TARGET_NAME)";
			};
			name = Debug;
		};
		D109A4051E89368200D9DCCA /* Release */ = {
			isa = XCBuildConfiguration;
			baseConfigurationReference = D1A398A4B68020726F51C0AD /* Pods-nongji.release.xcconfig */;
			buildSettings = {
				ASSETCATALOG_COMPILER_APPICON_NAME = AppIcon;
				DEVELOPMENT_TEAM = MPLC36J94A;
				GCC_PREFIX_HEADER = "$(SRCROOT)/nongji/PrefixHeader.pch";
				INFOPLIST_FILE = nongji/Info.plist;
				LD_RUNPATH_SEARCH_PATHS = "$(inherited) @executable_path/Frameworks";
				PRODUCT_BUNDLE_IDENTIFIER = com.wdx.nongji;
				PRODUCT_NAME = "$(TARGET_NAME)";
			};
			name = Release;
		};
/* End XCBuildConfiguration section */

/* Begin XCConfigurationList section */
		D109A3E71E89368200D9DCCA /* Build configuration list for PBXProject "nongji" */ = {
			isa = XCConfigurationList;
			buildConfigurations = (
				D109A4011E89368200D9DCCA /* Debug */,
				D109A4021E89368200D9DCCA /* Release */,
			);
			defaultConfigurationIsVisible = 0;
			defaultConfigurationName = Release;
		};
		D109A4031E89368200D9DCCA /* Build configuration list for PBXNativeTarget "nongji" */ = {
			isa = XCConfigurationList;
			buildConfigurations = (
				D109A4041E89368200D9DCCA /* Debug */,
				D109A4051E89368200D9DCCA /* Release */,
			);
			defaultConfigurationIsVisible = 0;
			defaultConfigurationName = Release;
		};
/* End XCConfigurationList section */
	};
	rootObject = D109A3E41E89368100D9DCCA /* Project object */;
}
